
Microsoft Visual Studio Solution File, Format Version 12.00
# Visual Studio Version 17
VisualStudioVersion = 17.1.32414.318
MinimumVisualStudioVersion = 10.0.40219.1
Project("{9A19103F-16F7-4668-BE54-9A1E7A4F7556}") = "AspNetMvcNews.Web.Mvc", "AspnetMvcNews.Web.Mvc\AspNetMvcNews.Web.Mvc.csproj", "{03E77BB2-B9C5-4A40-AA01-9003C6B81565}"
EndProject
Project("{9A19103F-16F7-4668-BE54-9A1E7A4F7556}") = "AspNetMvcNews.Data", "AspNetMvcNews.Data\AspNetMvcNews.Data.csproj", "{8362CE67-F0E2-4AC7-A66B-91E24E0D9795}"
EndProject
Project("{FAE04EC0-301F-11D3-BF4B-00C04F79EFBC}") = "AspNetMvcNews.Business", "AspNetMvcNews.Business\AspNetMvcNews.Business.csproj", "{5A3B17E2-B7E8-449E-ACD9-83B2E05874E1}"
EndProject
Global
	GlobalSection(SolutionConfigurationPlatforms) = preSolution
		Debug|Any CPU = Debug|Any CPU
		Release|Any CPU = Release|Any CPU
	EndGlobalSection
	GlobalSection(ProjectConfigurationPlatforms) = postSolution
		{03E77BB2-B9C5-4A40-AA01-9003C6B81565}.Debug|Any CPU.ActiveCfg = Debug|Any CPU
		{03E77BB2-B9C5-4A40-AA01-9003C6B81565}.Debug|Any CPU.Build.0 = Debug|Any CPU
		{03E77BB2-B9C5-4A40-AA01-9003C6B81565}.Release|Any CPU.ActiveCfg = Release|Any CPU
		{03E77BB2-B9C5-4A40-AA01-9003C6B81565}.Release|Any CPU.Build.0 = Release|Any CPU
		{8362CE67-F0E2-4AC7-A66B-91E24E0D9795}.Debug|Any CPU.ActiveCfg = Debug|Any CPU
		{8362CE67-F0E2-4AC7-A66B-91E24E0D9795}.Debug|Any CPU.Build.0 = Debug|Any CPU
		{8362CE67-F0E2-4AC7-A66B-91E24E0D9795}.Release|Any CPU.ActiveCfg = Release|Any CPU
		{8362CE67-F0E2-4AC7-A66B-91E24E0D9795}.Release|Any CPU.Build.0 = Release|Any CPU
		{5A3B17E2-B7E8-449E-ACD9-83B2E05874E1}.Debug|Any CPU.ActiveCfg = Debug|Any CPU
		{5A3B17E2-B7E8-449E-ACD9-83B2E05874E1}.Debug|Any CPU.Build.0 = Debug|Any CPU
		{5A3B17E2-B7E8-449E-ACD9-83B2E05874E1}.Release|Any CPU.ActiveCfg = Release|Any CPU
		{5A3B17E2-B7E8-449E-ACD9-83B2E05874E1}.Release|Any CPU.Build.0 = Release|Any CPU
	EndGlobalSection
	GlobalSection(SolutionProperties) = preSolution
		HideSolutionNode = FALSE
	EndGlobalSection
	GlobalSection(ExtensibilityGlobals) = postSolution
		SolutionGuid = {8E51D189-C758-4E6B-B2F8-8661B246524A}
	EndGlobalSection
EndGlobal
